# This file was autogenerated by Stack.
# You should not edit this file by hand.
# For more information, please see the documentation at:
#   https://docs.haskellstack.org/en/stable/lock_files

packages:
- completed:
    hackage: fay-0.23.1.12@sha256:4dd008fc4b03b8fc6e67eff2fb1c42b4f5552529bdd4f63f4290ef25a5327e0b,5965
    pantry-tree:
      size: 29746
      sha256: 2d575f57783ccd7d6711dc72acfe583fedcc9f614ed4ba3f4d069c8793825e9e
  original:
    hackage: fay-0.23.1.12
snapshots:
- completed:
    size: 504292
    url: https://raw.githubusercontent.com/commercialhaskell/stackage-snapshots/master/lts/7/24.yaml
    sha256: 06475226ae77d200ef106e999bfb280cb658f1ebb166b56f6f579890aab66942
  original: lts-7.24
